
Microsoft Visual Studio Solution File, Format Version 12.00
# Visual Studio Version 16
VisualStudioVersion = 16.0.29326.143
MinimumVisualStudioVersion = 10.0.40219.1
Project("{FAE04EC0-301F-11D3-BF4B-00C04F79EFBC}") = "Sowers_Lab02", "Sowers_Lab02\Sowers_Lab02.csproj", "{D74D88D0-64B3-45E0-8E9B-5AC4171FA7F9}"
EndProject
Global
	GlobalSection(SolutionConfigurationPlatforms) = preSolution
		Debug|Any CPU = Debug|Any CPU
		Release|Any CPU = Release|Any CPU
	EndGlobalSection
	GlobalSection(ProjectConfigurationPlatforms) = postSolution
		{D74D88D0-64B3-45E0-8E9B-5AC4171FA7F9}.Debug|Any CPU.ActiveCfg = Debug|Any CPU
		{D74D88D0-64B3-45E0-8E9B-5AC4171FA7F9}.Debug|Any CPU.Build.0 = Debug|Any CPU
		{D74D88D0-64B3-45E0-8E9B-5AC4171FA7F9}.Release|Any CPU.ActiveCfg = Release|Any CPU
		{D74D88D0-64B3-45E0-8E9B-5AC4171FA7F9}.Release|Any CPU.Build.0 = Release|Any CPU
	EndGlobalSection
	GlobalSection(SolutionProperties) = preSolution
		HideSolutionNode = FALSE
	EndGlobalSection
	GlobalSection(ExtensibilityGlobals) = postSolution
		SolutionGuid = {14BA51F7-894A-4696-AE43-E7371ED5FED3}
	EndGlobalSection
EndGlobal
